// !$*UTF8*$!
{
	archiveVersion = 1;
	classes = {
	};
	objectVersion = 51;
	objects = {

/* Begin PBXBuildFile section */
		8103A6C6238FCA120071BCAA /* AppsPageHeader.swift in Sources */ = {isa = PBXBuildFile; fileRef = 8103A6C5238FCA120071BCAA /* AppsPageHeader.swift */; };
		8103A6C8238FCBBD0071BCAA /* AppsHeaderHorizontalController.swift in Sources */ = {isa = PBXBuildFile; fileRef = 8103A6C7238FCBBD0071BCAA /* AppsHeaderHorizontalController.swift */; };
		8103A6CA238FCD540071BCAA /* AppsHeaderCell.swift in Sources */ = {isa = PBXBuildFile; fileRef = 8103A6C9238FCD540071BCAA /* AppsHeaderCell.swift */; };
		8103A6CC238FD5160071BCAA /* AppGroup.swift in Sources */ = {isa = PBXBuildFile; fileRef = 8103A6CB238FD5160071BCAA /* AppGroup.swift */; };
		8103A6CE238FF5160071BCAA /* SocialApp.swift in Sources */ = {isa = PBXBuildFile; fileRef = 8103A6CD238FF5160071BCAA /* SocialApp.swift */; };
		8116FCB423950BC000967FB1 /* TodayItem.swift in Sources */ = {isa = PBXBuildFile; fileRef = 8116FCB323950BC000967FB1 /* TodayItem.swift */; };
		8116FCB6239519F500967FB1 /* TodayMultipleAppCell.swift in Sources */ = {isa = PBXBuildFile; fileRef = 8116FCB5239519F500967FB1 /* TodayMultipleAppCell.swift */; };
		8116FCB82395219F00967FB1 /* BaseTodayCell.swift in Sources */ = {isa = PBXBuildFile; fileRef = 8116FCB72395219F00967FB1 /* BaseTodayCell.swift */; };
		8116FCBA239526F500967FB1 /* TodayMultipleAppsController.swift in Sources */ = {isa = PBXBuildFile; fileRef = 8116FCB9239526F500967FB1 /* TodayMultipleAppsController.swift */; };
		8116FCBE239527A900967FB1 /* MultipleAppCell.swift in Sources */ = {isa = PBXBuildFile; fileRef = 8116FCBD239527A900967FB1 /* MultipleAppCell.swift */; };
		8116FCC0239547E000967FB1 /* BackEnabledNavigationController.swift in Sources */ = {isa = PBXBuildFile; fileRef = 8116FCBF239547E000967FB1 /* BackEnabledNavigationController.swift */; };
		812F4AEF238FB3E800E1C5CF /* AppsPageController.swift in Sources */ = {isa = PBXBuildFile; fileRef = 812F4AEE238FB3E800E1C5CF /* AppsPageController.swift */; };
		812F4AF1238FB4A600E1C5CF /* BaseListController.swift in Sources */ = {isa = PBXBuildFile; fileRef = 812F4AF0238FB4A600E1C5CF /* BaseListController.swift */; };
		81347358238E8DCD004709B6 /* SearchResultCell.swift in Sources */ = {isa = PBXBuildFile; fileRef = 81347357238E8DCD004709B6 /* SearchResultCell.swift */; };
		8134735B238E94B7004709B6 /* UIView+Layout.swift in Sources */ = {isa = PBXBuildFile; fileRef = 8134735A238E94B7004709B6 /* UIView+Layout.swift */; };
		8134735D238E9DBC004709B6 /* VerticalStackView.swift in Sources */ = {isa = PBXBuildFile; fileRef = 8134735C238E9DBC004709B6 /* VerticalStackView.swift */; };
		81347360238EAF6B004709B6 /* SearchResult.swift in Sources */ = {isa = PBXBuildFile; fileRef = 8134735F238EAF6B004709B6 /* SearchResult.swift */; };
		81347363238EB770004709B6 /* Service.swift in Sources */ = {isa = PBXBuildFile; fileRef = 81347362238EB770004709B6 /* Service.swift */; };
		81858B9C44100DBB402B71F2 /* Pods_AppStore_JSON.framework in Frameworks */ = {isa = PBXBuildFile; fileRef = 88EE841630D794F5D26D4219 /* Pods_AppStore_JSON.framework */; };
		81B1821A23911BCA00F7F74B /* HorizontalSnappingController.swift in Sources */ = {isa = PBXBuildFile; fileRef = 81B1821923911BCA00F7F74B /* HorizontalSnappingController.swift */; };
		81B1821C2391218100F7F74B /* BetterSnappingLayout.swift in Sources */ = {isa = PBXBuildFile; fileRef = 81B1821B2391218100F7F74B /* BetterSnappingLayout.swift */; };
		81B1821F239127DB00F7F74B /* AppDetailController.swift in Sources */ = {isa = PBXBuildFile; fileRef = 81B1821E239127DB00F7F74B /* AppDetailController.swift */; };
		81B182222391397000F7F74B /* AppDetailsCell.swift in Sources */ = {isa = PBXBuildFile; fileRef = 81B182212391397000F7F74B /* AppDetailsCell.swift */; };
		81B2F5FE238E78D4006E1611 /* BaseTabBarController.swift in Sources */ = {isa = PBXBuildFile; fileRef = 81B2F5FD238E78D4006E1611 /* BaseTabBarController.swift */; };
		81B2F601238E8903006E1611 /* AppsSearchController.swift in Sources */ = {isa = PBXBuildFile; fileRef = 81B2F600238E8903006E1611 /* AppsSearchController.swift */; };
		81DFB64A23914D0E00A7C70A /* PreviewCell.swift in Sources */ = {isa = PBXBuildFile; fileRef = 81DFB64923914D0E00A7C70A /* PreviewCell.swift */; };
		81DFB64C23914E4A00A7C70A /* PreviewScreenshotsController.swift in Sources */ = {isa = PBXBuildFile; fileRef = 81DFB64B23914E4A00A7C70A /* PreviewScreenshotsController.swift */; };
		81DFB64E23914F3C00A7C70A /* ScreenshotCell.swift in Sources */ = {isa = PBXBuildFile; fileRef = 81DFB64D23914F3C00A7C70A /* ScreenshotCell.swift */; };
		81DFB650239157A400A7C70A /* ReviewRowCell.swift in Sources */ = {isa = PBXBuildFile; fileRef = 81DFB64F239157A400A7C70A /* ReviewRowCell.swift */; };
		81DFB6522391594000A7C70A /* ReviewsController.swift in Sources */ = {isa = PBXBuildFile; fileRef = 81DFB6512391594000A7C70A /* ReviewsController.swift */; };
		81DFB65423915A6700A7C70A /* ReviewCell.swift in Sources */ = {isa = PBXBuildFile; fileRef = 81DFB65323915A6700A7C70A /* ReviewCell.swift */; };
		81DFB6562391614D00A7C70A /* Reviews.swift in Sources */ = {isa = PBXBuildFile; fileRef = 81DFB6552391614D00A7C70A /* Reviews.swift */; };
		81E6305E238E776A008435B3 /* AppDelegate.swift in Sources */ = {isa = PBXBuildFile; fileRef = 81E6305D238E776A008435B3 /* AppDelegate.swift */; };
		81E63060238E776A008435B3 /* SceneDelegate.swift in Sources */ = {isa = PBXBuildFile; fileRef = 81E6305F238E776A008435B3 /* SceneDelegate.swift */; };
		81E63062238E776A008435B3 /* ViewController.swift in Sources */ = {isa = PBXBuildFile; fileRef = 81E63061238E776A008435B3 /* ViewController.swift */; };
		81E63065238E776A008435B3 /* Main.storyboard in Resources */ = {isa = PBXBuildFile; fileRef = 81E63063238E776A008435B3 /* Main.storyboard */; };
		81E63067238E7770008435B3 /* Assets.xcassets in Resources */ = {isa = PBXBuildFile; fileRef = 81E63066238E7770008435B3 /* Assets.xcassets */; };
		81E6306A238E7770008435B3 /* LaunchScreen.storyboard in Resources */ = {isa = PBXBuildFile; fileRef = 81E63068238E7770008435B3 /* LaunchScreen.storyboard */; };
		81E94EBA2392737C002D88EF /* TodayController.swift in Sources */ = {isa = PBXBuildFile; fileRef = 81E94EB92392737C002D88EF /* TodayController.swift */; };
		81E94EBD23927401002D88EF /* TodayCell.swift in Sources */ = {isa = PBXBuildFile; fileRef = 81E94EBC23927401002D88EF /* TodayCell.swift */; };
		81E94EBF23928301002D88EF /* AppFullscreenController.swift in Sources */ = {isa = PBXBuildFile; fileRef = 81E94EBE23928301002D88EF /* AppFullscreenController.swift */; };
		81E94EC123928600002D88EF /* AppFullscreenDescriptionCell.swift in Sources */ = {isa = PBXBuildFile; fileRef = 81E94EC023928600002D88EF /* AppFullscreenDescriptionCell.swift */; };
		81E94EC3239297DB002D88EF /* AppFullscreenHeaderCell.swift in Sources */ = {isa = PBXBuildFile; fileRef = 81E94EC2239297DB002D88EF /* AppFullscreenHeaderCell.swift */; };
		81F21347238FB6470024C1E9 /* AppsGroupCell.swift in Sources */ = {isa = PBXBuildFile; fileRef = 81F21346238FB6470024C1E9 /* AppsGroupCell.swift */; };
		81F21349238FBAEF0024C1E9 /* AppsHorizontalController.swift in Sources */ = {isa = PBXBuildFile; fileRef = 81F21348238FBAEF0024C1E9 /* AppsHorizontalController.swift */; };
		81F2134B238FC21D0024C1E9 /* AppRowCell.swift in Sources */ = {isa = PBXBuildFile; fileRef = 81F2134A238FC21D0024C1E9 /* AppRowCell.swift */; };
		81F2134D238FC2C10024C1E9 /* Extensions.swift in Sources */ = {isa = PBXBuildFile; fileRef = 81F2134C238FC2C10024C1E9 /* Extensions.swift */; };
/* End PBXBuildFile section */

/* Begin PBXFileReference section */
		006E7D4F1968080595779872 /* Pods-AppStore JSON.release.xcconfig */ = {isa = PBXFileReference; includeInIndex = 1; lastKnownFileType = text.xcconfig; name = "Pods-AppStore JSON.release.xcconfig"; path = "Target Support Files/Pods-AppStore JSON/Pods-AppStore JSON.release.xcconfig"; sourceTree = "<group>"; };
		8103A6C5238FCA120071BCAA /* AppsPageHeader.swift */ = {isa = PBXFileReference; lastKnownFileType = sourcecode.swift; path = AppsPageHeader.swift; sourceTree = "<group>"; };
		8103A6C7238FCBBD0071BCAA /* AppsHeaderHorizontalController.swift */ = {isa = PBXFileReference; lastKnownFileType = sourcecode.swift; path = AppsHeaderHorizontalController.swift; sourceTree = "<group>"; };
		8103A6C9238FCD540071BCAA /* AppsHeaderCell.swift */ = {isa = PBXFileReference; lastKnownFileType = sourcecode.swift; path = AppsHeaderCell.swift; sourceTree = "<group>"; };
		8103A6CB238FD5160071BCAA /* AppGroup.swift */ = {isa = PBXFileReference; lastKnownFileType = sourcecode.swift; path = AppGroup.swift; sourceTree = "<group>"; };
		8103A6CD238FF5160071BCAA /* SocialApp.swift */ = {isa = PBXFileReference; lastKnownFileType = sourcecode.swift; path = SocialApp.swift; sourceTree = "<group>"; };
		8116FCB323950BC000967FB1 /* TodayItem.swift */ = {isa = PBXFileReference; lastKnownFileType = sourcecode.swift; path = TodayItem.swift; sourceTree = "<group>"; };
		8116FCB5239519F500967FB1 /* TodayMultipleAppCell.swift */ = {isa = PBXFileReference; lastKnownFileType = sourcecode.swift; path = TodayMultipleAppCell.swift; sourceTree = "<group>"; };
		8116FCB72395219F00967FB1 /* BaseTodayCell.swift */ = {isa = PBXFileReference; lastKnownFileType = sourcecode.swift; path = BaseTodayCell.swift; sourceTree = "<group>"; };
		8116FCB9239526F500967FB1 /* TodayMultipleAppsController.swift */ = {isa = PBXFileReference; lastKnownFileType = sourcecode.swift; path = TodayMultipleAppsController.swift; sourceTree = "<group>"; };
		8116FCBD239527A900967FB1 /* MultipleAppCell.swift */ = {isa = PBXFileReference; lastKnownFileType = sourcecode.swift; path = MultipleAppCell.swift; sourceTree = "<group>"; };
		8116FCBF239547E000967FB1 /* BackEnabledNavigationController.swift */ = {isa = PBXFileReference; lastKnownFileType = sourcecode.swift; path = BackEnabledNavigationController.swift; sourceTree = "<group>"; };
		812F4AEE238FB3E800E1C5CF /* AppsPageController.swift */ = {isa = PBXFileReference; lastKnownFileType = sourcecode.swift; path = AppsPageController.swift; sourceTree = "<group>"; };
		812F4AF0238FB4A600E1C5CF /* BaseListController.swift */ = {isa = PBXFileReference; lastKnownFileType = sourcecode.swift; path = BaseListController.swift; sourceTree = "<group>"; };
		81347357238E8DCD004709B6 /* SearchResultCell.swift */ = {isa = PBXFileReference; lastKnownFileType = sourcecode.swift; path = SearchResultCell.swift; sourceTree = "<group>"; };
		8134735A238E94B7004709B6 /* UIView+Layout.swift */ = {isa = PBXFileReference; fileEncoding = 4; lastKnownFileType = sourcecode.swift; path = "UIView+Layout.swift"; sourceTree = "<group>"; };
		8134735C238E9DBC004709B6 /* VerticalStackView.swift */ = {isa = PBXFileReference; lastKnownFileType = sourcecode.swift; path = VerticalStackView.swift; sourceTree = "<group>"; };
		8134735F238EAF6B004709B6 /* SearchResult.swift */ = {isa = PBXFileReference; lastKnownFileType = sourcecode.swift; path = SearchResult.swift; sourceTree = "<group>"; };
		81347362238EB770004709B6 /* Service.swift */ = {isa = PBXFileReference; lastKnownFileType = sourcecode.swift; path = Service.swift; sourceTree = "<group>"; };
		81B1821923911BCA00F7F74B /* HorizontalSnappingController.swift */ = {isa = PBXFileReference; lastKnownFileType = sourcecode.swift; path = HorizontalSnappingController.swift; sourceTree = "<group>"; };
		81B1821B2391218100F7F74B /* BetterSnappingLayout.swift */ = {isa = PBXFileReference; lastKnownFileType = sourcecode.swift; path = BetterSnappingLayout.swift; sourceTree = "<group>"; };
		81B1821E239127DB00F7F74B /* AppDetailController.swift */ = {isa = PBXFileReference; lastKnownFileType = sourcecode.swift; path = AppDetailController.swift; sourceTree = "<group>"; };
		81B182212391397000F7F74B /* AppDetailsCell.swift */ = {isa = PBXFileReference; lastKnownFileType = sourcecode.swift; path = AppDetailsCell.swift; sourceTree = "<group>"; };
		81B2F5FD238E78D4006E1611 /* BaseTabBarController.swift */ = {isa = PBXFileReference; lastKnownFileType = sourcecode.swift; path = BaseTabBarController.swift; sourceTree = "<group>"; };
		81B2F600238E8903006E1611 /* AppsSearchController.swift */ = {isa = PBXFileReference; lastKnownFileType = sourcecode.swift; path = AppsSearchController.swift; sourceTree = "<group>"; };
		81DFB64923914D0E00A7C70A /* PreviewCell.swift */ = {isa = PBXFileReference; lastKnownFileType = sourcecode.swift; path = PreviewCell.swift; sourceTree = "<group>"; };
		81DFB64B23914E4A00A7C70A /* PreviewScreenshotsController.swift */ = {isa = PBXFileReference; lastKnownFileType = sourcecode.swift; path = PreviewScreenshotsController.swift; sourceTree = "<group>"; };
		81DFB64D23914F3C00A7C70A /* ScreenshotCell.swift */ = {isa = PBXFileReference; lastKnownFileType = sourcecode.swift; path = ScreenshotCell.swift; sourceTree = "<group>"; };
		81DFB64F239157A400A7C70A /* ReviewRowCell.swift */ = {isa = PBXFileReference; lastKnownFileType = sourcecode.swift; path = ReviewRowCell.swift; sourceTree = "<group>"; };
		81DFB6512391594000A7C70A /* ReviewsController.swift */ = {isa = PBXFileReference; lastKnownFileType = sourcecode.swift; path = ReviewsController.swift; sourceTree = "<group>"; };
		81DFB65323915A6700A7C70A /* ReviewCell.swift */ = {isa = PBXFileReference; lastKnownFileType = sourcecode.swift; path = ReviewCell.swift; sourceTree = "<group>"; };
		81DFB6552391614D00A7C70A /* Reviews.swift */ = {isa = PBXFileReference; lastKnownFileType = sourcecode.swift; path = Reviews.swift; sourceTree = "<group>"; };
		81E6305A238E776A008435B3 /* AppStore JSON.app */ = {isa = PBXFileReference; explicitFileType = wrapper.application; includeInIndex = 0; path = "AppStore JSON.app"; sourceTree = BUILT_PRODUCTS_DIR; };
		81E6305D238E776A008435B3 /* AppDelegate.swift */ = {isa = PBXFileReference; lastKnownFileType = sourcecode.swift; path = AppDelegate.swift; sourceTree = "<group>"; };
		81E6305F238E776A008435B3 /* SceneDelegate.swift */ = {isa = PBXFileReference; lastKnownFileType = sourcecode.swift; path = SceneDelegate.swift; sourceTree = "<group>"; };
		81E63061238E776A008435B3 /* ViewController.swift */ = {isa = PBXFileReference; lastKnownFileType = sourcecode.swift; path = ViewController.swift; sourceTree = "<group>"; };
		81E63064238E776A008435B3 /* Base */ = {isa = PBXFileReference; lastKnownFileType = file.storyboard; name = Base; path = Base.lproj/Main.storyboard; sourceTree = "<group>"; };
		81E63066238E7770008435B3 /* Assets.xcassets */ = {isa = PBXFileReference; lastKnownFileType = folder.assetcatalog; path = Assets.xcassets; sourceTree = "<group>"; };
		81E63069238E7770008435B3 /* Base */ = {isa = PBXFileReference; lastKnownFileType = file.storyboard; name = Base; path = Base.lproj/LaunchScreen.storyboard; sourceTree = "<group>"; };
		81E6306B238E7770008435B3 /* Info.plist */ = {isa = PBXFileReference; lastKnownFileType = text.plist.xml; path = Info.plist; sourceTree = "<group>"; };
		81E94EB92392737C002D88EF /* TodayController.swift */ = {isa = PBXFileReference; lastKnownFileType = sourcecode.swift; path = TodayController.swift; sourceTree = "<group>"; };
		81E94EBC23927401002D88EF /* TodayCell.swift */ = {isa = PBXFileReference; lastKnownFileType = sourcecode.swift; path = TodayCell.swift; sourceTree = "<group>"; };
		81E94EBE23928301002D88EF /* AppFullscreenController.swift */ = {isa = PBXFileReference; lastKnownFileType = sourcecode.swift; path = AppFullscreenController.swift; sourceTree = "<group>"; };
		81E94EC023928600002D88EF /* AppFullscreenDescriptionCell.swift */ = {isa = PBXFileReference; lastKnownFileType = sourcecode.swift; path = AppFullscreenDescriptionCell.swift; sourceTree = "<group>"; };
		81E94EC2239297DB002D88EF /* AppFullscreenHeaderCell.swift */ = {isa = PBXFileReference; lastKnownFileType = sourcecode.swift; path = AppFullscreenHeaderCell.swift; sourceTree = "<group>"; };
		81F21346238FB6470024C1E9 /* AppsGroupCell.swift */ = {isa = PBXFileReference; lastKnownFileType = sourcecode.swift; path = AppsGroupCell.swift; sourceTree = "<group>"; };
		81F21348238FBAEF0024C1E9 /* AppsHorizontalController.swift */ = {isa = PBXFileReference; lastKnownFileType = sourcecode.swift; path = AppsHorizontalController.swift; sourceTree = "<group>"; };
		81F2134A238FC21D0024C1E9 /* AppRowCell.swift */ = {isa = PBXFileReference; lastKnownFileType = sourcecode.swift; path = AppRowCell.swift; sourceTree = "<group>"; };
		81F2134C238FC2C10024C1E9 /* Extensions.swift */ = {isa = PBXFileReference; lastKnownFileType = sourcecode.swift; path = Extensions.swift; sourceTree = "<group>"; };
		88EE841630D794F5D26D4219 /* Pods_AppStore_JSON.framework */ = {isa = PBXFileReference; explicitFileType = wrapper.framework; includeInIndex = 0; path = Pods_AppStore_JSON.framework; sourceTree = BUILT_PRODUCTS_DIR; };
		F5AB4E0A6551B055285AC9C3 /* Pods-AppStore JSON.debug.xcconfig */ = {isa = PBXFileReference; includeInIndex = 1; lastKnownFileType = text.xcconfig; name = "Pods-AppStore JSON.debug.xcconfig"; path = "Target Support Files/Pods-AppStore JSON/Pods-AppStore JSON.debug.xcconfig"; sourceTree = "<group>"; };
/* End PBXFileReference section */

/* Begin PBXFrameworksBuildPhase section */
		81E63057238E776A008435B3 /* Frameworks */ = {
			isa = PBXFrameworksBuildPhase;
			buildActionMask = 2147483647;
			files = (
				81858B9C44100DBB402B71F2 /* Pods_AppStore_JSON.framework in Frameworks */,
			);
			runOnlyForDeploymentPostprocessing = 0;
		};
/* End PBXFrameworksBuildPhase section */

/* Begin PBXGroup section */
		6411542A8FD3561C82B1F93A /* Frameworks */ = {
			isa = PBXGroup;
			children = (
				88EE841630D794F5D26D4219 /* Pods_AppStore_JSON.framework */,
			);
			name = Frameworks;
			sourceTree = "<group>";
		};
		812F4AED238FB3D500E1C5CF /* Apps */ = {
			isa = PBXGroup;
			children = (
				812F4AEE238FB3E800E1C5CF /* AppsPageController.swift */,
				81F21348238FBAEF0024C1E9 /* AppsHorizontalController.swift */,
				8103A6C7238FCBBD0071BCAA /* AppsHeaderHorizontalController.swift */,
			);
			path = Apps;
			sourceTree = "<group>";
		};
		812F4AF2238FB52100E1C5CF /* Search */ = {
			isa = PBXGroup;
			children = (
				81B2F600238E8903006E1611 /* AppsSearchController.swift */,
			);
			path = Search;
			sourceTree = "<group>";
		};
		81347356238E8DAB004709B6 /* Views */ = {
			isa = PBXGroup;
			children = (
				81E94EBB239273F2002D88EF /* Today */,
				81F21345238FB6350024C1E9 /* Apps */,
				81347357238E8DCD004709B6 /* SearchResultCell.swift */,
			);
			path = Views;
			sourceTree = "<group>";
		};
		81347359238E94A1004709B6 /* Helpers */ = {
			isa = PBXGroup;
			children = (
				8134735A238E94B7004709B6 /* UIView+Layout.swift */,
				8134735C238E9DBC004709B6 /* VerticalStackView.swift */,
				81F2134C238FC2C10024C1E9 /* Extensions.swift */,
				81B1821B2391218100F7F74B /* BetterSnappingLayout.swift */,
			);
			path = Helpers;
			sourceTree = "<group>";
		};
		8134735E238EAF53004709B6 /* Model */ = {
			isa = PBXGroup;
			children = (
				8134735F238EAF6B004709B6 /* SearchResult.swift */,
				8103A6CB238FD5160071BCAA /* AppGroup.swift */,
				8103A6CD238FF5160071BCAA /* SocialApp.swift */,
				81DFB6552391614D00A7C70A /* Reviews.swift */,
				8116FCB323950BC000967FB1 /* TodayItem.swift */,
			);
			path = Model;
			sourceTree = "<group>";
		};
		81347361238EB75E004709B6 /* Service */ = {
			isa = PBXGroup;
			children = (
				81347362238EB770004709B6 /* Service.swift */,
			);
			path = Service;
			sourceTree = "<group>";
		};
		81B1821D239127CB00F7F74B /* Details */ = {
			isa = PBXGroup;
			children = (
				81B1821E239127DB00F7F74B /* AppDetailController.swift */,
				81DFB64B23914E4A00A7C70A /* PreviewScreenshotsController.swift */,
				81DFB6512391594000A7C70A /* ReviewsController.swift */,
			);
			path = Details;
			sourceTree = "<group>";
		};
		81B182202391395F00F7F74B /* Details */ = {
			isa = PBXGroup;
			children = (
				81B182212391397000F7F74B /* AppDetailsCell.swift */,
				81DFB64923914D0E00A7C70A /* PreviewCell.swift */,
				81DFB64D23914F3C00A7C70A /* ScreenshotCell.swift */,
				81DFB64F239157A400A7C70A /* ReviewRowCell.swift */,
				81DFB65323915A6700A7C70A /* ReviewCell.swift */,
			);
			path = Details;
			sourceTree = "<group>";
		};
		81B2F5FF238E88CA006E1611 /* Controllers */ = {
			isa = PBXGroup;
			children = (
				81E94EB82392736A002D88EF /* Today */,
				81B1821D239127CB00F7F74B /* Details */,
				812F4AF2238FB52100E1C5CF /* Search */,
				812F4AED238FB3D500E1C5CF /* Apps */,
				81B2F5FD238E78D4006E1611 /* BaseTabBarController.swift */,
				812F4AF0238FB4A600E1C5CF /* BaseListController.swift */,
				81B1821923911BCA00F7F74B /* HorizontalSnappingController.swift */,
			);
			path = Controllers;
			sourceTree = "<group>";
		};
		81E63051238E776A008435B3 = {
			isa = PBXGroup;
			children = (
				81E6305C238E776A008435B3 /* AppStore JSON */,
				81E6305B238E776A008435B3 /* Products */,
				AD4CB8EB3D2EE0604A53E73F /* Pods */,
				6411542A8FD3561C82B1F93A /* Frameworks */,
			);
			sourceTree = "<group>";
		};
		81E6305B238E776A008435B3 /* Products */ = {
			isa = PBXGroup;
			children = (
				81E6305A238E776A008435B3 /* AppStore JSON.app */,
			);
			name = Products;
			sourceTree = "<group>";
		};
		81E6305C238E776A008435B3 /* AppStore JSON */ = {
			isa = PBXGroup;
			children = (
				81347361238EB75E004709B6 /* Service */,
				8134735E238EAF53004709B6 /* Model */,
				81347356238E8DAB004709B6 /* Views */,
				81B2F5FF238E88CA006E1611 /* Controllers */,
				81347359238E94A1004709B6 /* Helpers */,
				81E6305D238E776A008435B3 /* AppDelegate.swift */,
				81E6305F238E776A008435B3 /* SceneDelegate.swift */,
				81E63061238E776A008435B3 /* ViewController.swift */,
				81E63063238E776A008435B3 /* Main.storyboard */,
				81E63066238E7770008435B3 /* Assets.xcassets */,
				81E63068238E7770008435B3 /* LaunchScreen.storyboard */,
				81E6306B238E7770008435B3 /* Info.plist */,
			);
			path = "AppStore JSON";
			sourceTree = "<group>";
		};
		81E94EB82392736A002D88EF /* Today */ = {
			isa = PBXGroup;
			children = (
				81E94EB92392737C002D88EF /* TodayController.swift */,
				81E94EBE23928301002D88EF /* AppFullscreenController.swift */,
				8116FCB5239519F500967FB1 /* TodayMultipleAppCell.swift */,
				8116FCB9239526F500967FB1 /* TodayMultipleAppsController.swift */,
				8116FCBF239547E000967FB1 /* BackEnabledNavigationController.swift */,
			);
			path = Today;
			sourceTree = "<group>";
		};
		81E94EBB239273F2002D88EF /* Today */ = {
			isa = PBXGroup;
			children = (
				81E94EBC23927401002D88EF /* TodayCell.swift */,
				81E94EC023928600002D88EF /* AppFullscreenDescriptionCell.swift */,
				81E94EC2239297DB002D88EF /* AppFullscreenHeaderCell.swift */,
				8116FCB72395219F00967FB1 /* BaseTodayCell.swift */,
				8116FCBD239527A900967FB1 /* MultipleAppCell.swift */,
			);
			path = Today;
			sourceTree = "<group>";
		};
		81F21345238FB6350024C1E9 /* Apps */ = {
			isa = PBXGroup;
			children = (
				81B182202391395F00F7F74B /* Details */,
				81F21346238FB6470024C1E9 /* AppsGroupCell.swift */,
				81F2134A238FC21D0024C1E9 /* AppRowCell.swift */,
				8103A6C5238FCA120071BCAA /* AppsPageHeader.swift */,
				8103A6C9238FCD540071BCAA /* AppsHeaderCell.swift */,
			);
			path = Apps;
			sourceTree = "<group>";
		};
		AD4CB8EB3D2EE0604A53E73F /* Pods */ = {
			isa = PBXGroup;
			children = (
				F5AB4E0A6551B055285AC9C3 /* Pods-AppStore JSON.debug.xcconfig */,
				006E7D4F1968080595779872 /* Pods-AppStore JSON.release.xcconfig */,
			);
			path = Pods;
			sourceTree = "<group>";
		};
/* End PBXGroup section */

/* Begin PBXNativeTarget section */
		81E63059238E776A008435B3 /* AppStore JSON */ = {
			isa = PBXNativeTarget;
			buildConfigurationList = 81E6306E238E7770008435B3 /* Build configuration list for PBXNativeTarget "AppStore JSON" */;
			buildPhases = (
				1406AC2EE858B6E7B8B1FB2D /* [CP] Check Pods Manifest.lock */,
				81E63056238E776A008435B3 /* Sources */,
				81E63057238E776A008435B3 /* Frameworks */,
				81E63058238E776A008435B3 /* Resources */,
				F898469B9D9DCD8F06587377 /* [CP] Embed Pods Frameworks */,
			);
			buildRules = (
			);
			dependencies = (
			);
			name = "AppStore JSON";
			productName = "AppStore JSON";
			productReference = 81E6305A238E776A008435B3 /* AppStore JSON.app */;
			productType = "com.apple.product-type.application";
		};
/* End PBXNativeTarget section */

/* Begin PBXProject section */
		81E63052238E776A008435B3 /* Project object */ = {
			isa = PBXProject;
			attributes = {
				LastSwiftUpdateCheck = 1120;
				LastUpgradeCheck = 1120;
				ORGANIZATIONNAME = "Renald Renks";
				TargetAttributes = {
					81E63059238E776A008435B3 = {
						CreatedOnToolsVersion = 11.2.1;
					};
				};
			};
			buildConfigurationList = 81E63055238E776A008435B3 /* Build configuration list for PBXProject "AppStore JSON" */;
			compatibilityVersion = "Xcode 9.3";
			developmentRegion = en;
			hasScannedForEncodings = 0;
			knownRegions = (
				en,
				Base,
			);
			mainGroup = 81E63051238E776A008435B3;
			productRefGroup = 81E6305B238E776A008435B3 /* Products */;
			projectDirPath = "";
			projectRoot = "";
			targets = (
				81E63059238E776A008435B3 /* AppStore JSON */,
			);
		};
/* End PBXProject section */

/* Begin PBXResourcesBuildPhase section */
		81E63058238E776A008435B3 /* Resources */ = {
			isa = PBXResourcesBuildPhase;
			buildActionMask = 2147483647;
			files = (
				81E6306A238E7770008435B3 /* LaunchScreen.storyboard in Resources */,
				81E63067238E7770008435B3 /* Assets.xcassets in Resources */,
				81E63065238E776A008435B3 /* Main.storyboard in Resources */,
			);
			runOnlyForDeploymentPostprocessing = 0;
		};
/* End PBXResourcesBuildPhase section */

/* Begin PBXShellScriptBuildPhase section */
		1406AC2EE858B6E7B8B1FB2D /* [CP] Check Pods Manifest.lock */ = {
			isa = PBXShellScriptBuildPhase;
			buildActionMask = 2147483647;
			files = (
			);
			inputFileListPaths = (
			);
			inputPaths = (
				"${PODS_PODFILE_DIR_PATH}/Podfile.lock",
				"${PODS_ROOT}/Manifest.lock",
			);
			name = "[CP] Check Pods Manifest.lock";
			outputFileListPaths = (
			);
			outputPaths = (
				"$(DERIVED_FILE_DIR)/Pods-AppStore JSON-checkManifestLockResult.txt",
			);
			runOnlyForDeploymentPostprocessing = 0;
			shellPath = /bin/sh;
			shellScript = "diff \"${PODS_PODFILE_DIR_PATH}/Podfile.lock\" \"${PODS_ROOT}/Manifest.lock\" > /dev/null\nif [ $? != 0 ] ; then\n    # print error to STDERR\n    echo \"error: The sandbox is not in sync with the Podfile.lock. Run 'pod install' or update your CocoaPods installation.\" >&2\n    exit 1\nfi\n# This output is used by Xcode 'outputs' to avoid re-running this script phase.\necho \"SUCCESS\" > \"${SCRIPT_OUTPUT_FILE_0}\"\n";
			showEnvVarsInLog = 0;
		};
		F898469B9D9DCD8F06587377 /* [CP] Embed Pods Frameworks */ = {
			isa = PBXShellScriptBuildPhase;
			buildActionMask = 2147483647;
			files = (
			);
			inputFileListPaths = (
				"${PODS_ROOT}/Target Support Files/Pods-AppStore JSON/Pods-AppStore JSON-frameworks-${CONFIGURATION}-input-files.xcfilelist",
			);
			name = "[CP] Embed Pods Frameworks";
			outputFileListPaths = (
				"${PODS_ROOT}/Target Support Files/Pods-AppStore JSON/Pods-AppStore JSON-frameworks-${CONFIGURATION}-output-files.xcfilelist",
			);
			runOnlyForDeploymentPostprocessing = 0;
			shellPath = /bin/sh;
			shellScript = "\"${PODS_ROOT}/Target Support Files/Pods-AppStore JSON/Pods-AppStore JSON-frameworks.sh\"\n";
			showEnvVarsInLog = 0;
		};
/* End PBXShellScriptBuildPhase section */

/* Begin PBXSourcesBuildPhase section */
		81E63056238E776A008435B3 /* Sources */ = {
			isa = PBXSourcesBuildPhase;
			buildActionMask = 2147483647;
			files = (
				8116FCB423950BC000967FB1 /* TodayItem.swift in Sources */,
				81B2F5FE238E78D4006E1611 /* BaseTabBarController.swift in Sources */,
				8103A6CE238FF5160071BCAA /* SocialApp.swift in Sources */,
				812F4AEF238FB3E800E1C5CF /* AppsPageController.swift in Sources */,
				81347360238EAF6B004709B6 /* SearchResult.swift in Sources */,
				81DFB64C23914E4A00A7C70A /* PreviewScreenshotsController.swift in Sources */,
				81E94EBA2392737C002D88EF /* TodayController.swift in Sources */,
				81DFB650239157A400A7C70A /* ReviewRowCell.swift in Sources */,
				81E63062238E776A008435B3 /* ViewController.swift in Sources */,
				81E6305E238E776A008435B3 /* AppDelegate.swift in Sources */,
				81B2F601238E8903006E1611 /* AppsSearchController.swift in Sources */,
				81DFB6522391594000A7C70A /* ReviewsController.swift in Sources */,
				81F21347238FB6470024C1E9 /* AppsGroupCell.swift in Sources */,
				81347358238E8DCD004709B6 /* SearchResultCell.swift in Sources */,
				81B1821A23911BCA00F7F74B /* HorizontalSnappingController.swift in Sources */,
				81DFB6562391614D00A7C70A /* Reviews.swift in Sources */,
				81E94EBF23928301002D88EF /* AppFullscreenController.swift in Sources */,
				81B1821C2391218100F7F74B /* BetterSnappingLayout.swift in Sources */,
				8134735D238E9DBC004709B6 /* VerticalStackView.swift in Sources */,
				81DFB64E23914F3C00A7C70A /* ScreenshotCell.swift in Sources */,
				81B1821F239127DB00F7F74B /* AppDetailController.swift in Sources */,
				81347363238EB770004709B6 /* Service.swift in Sources */,
				8103A6C8238FCBBD0071BCAA /* AppsHeaderHorizontalController.swift in Sources */,
				8103A6C6238FCA120071BCAA /* AppsPageHeader.swift in Sources */,
				8134735B238E94B7004709B6 /* UIView+Layout.swift in Sources */,
				81F2134D238FC2C10024C1E9 /* Extensions.swift in Sources */,
				8116FCBA239526F500967FB1 /* TodayMultipleAppsController.swift in Sources */,
				8116FCB82395219F00967FB1 /* BaseTodayCell.swift in Sources */,
				81DFB65423915A6700A7C70A /* ReviewCell.swift in Sources */,
				812F4AF1238FB4A600E1C5CF /* BaseListController.swift in Sources */,
				81B182222391397000F7F74B /* AppDetailsCell.swift in Sources */,
				81E94EBD23927401002D88EF /* TodayCell.swift in Sources */,
				81E94EC123928600002D88EF /* AppFullscreenDescriptionCell.swift in Sources */,
				81E94EC3239297DB002D88EF /* AppFullscreenHeaderCell.swift in Sources */,
				8103A6CC238FD5160071BCAA /* AppGroup.swift in Sources */,
				8103A6CA238FCD540071BCAA /* AppsHeaderCell.swift in Sources */,
				81DFB64A23914D0E00A7C70A /* PreviewCell.swift in Sources */,
				81E63060238E776A008435B3 /* SceneDelegate.swift in Sources */,
				81F21349238FBAEF0024C1E9 /* AppsHorizontalController.swift in Sources */,
				8116FCB6239519F500967FB1 /* TodayMultipleAppCell.swift in Sources */,
				81F2134B238FC21D0024C1E9 /* AppRowCell.swift in Sources */,
				8116FCC0239547E000967FB1 /* BackEnabledNavigationController.swift in Sources */,
				8116FCBE239527A900967FB1 /* MultipleAppCell.swift in Sources */,
			);
			runOnlyForDeploymentPostprocessing = 0;
		};
/* End PBXSourcesBuildPhase section */

/* Begin PBXVariantGroup section */
		81E63063238E776A008435B3 /* Main.storyboard */ = {
			isa = PBXVariantGroup;
			children = (
				81E63064238E776A008435B3 /* Base */,
			);
			name = Main.storyboard;
			sourceTree = "<group>";
		};
		81E63068238E7770008435B3 /* LaunchScreen.storyboard */ = {
			isa = PBXVariantGroup;
			children = (
				81E63069238E7770008435B3 /* Base */,
			);
			name = LaunchScreen.storyboard;
			sourceTree = "<group>";
		};
/* End PBXVariantGroup section */

/* Begin XCBuildConfiguration section */
		81E6306C238E7770008435B3 /* Debug */ = {
			isa = XCBuildConfiguration;
			buildSettings = {
				ALWAYS_SEARCH_USER_PATHS = NO;
				CLANG_ANALYZER_NONNULL = YES;
				CLANG_ANALYZER_NUMBER_OBJECT_CONVERSION = YES_AGGRESSIVE;
				CLANG_CXX_LANGUAGE_STANDARD = "gnu++14";
				CLANG_CXX_LIBRARY = "libc++";
				CLANG_ENABLE_MODULES = YES;
				CLANG_ENABLE_OBJC_ARC = YES;
				CLANG_ENABLE_OBJC_WEAK = YES;
				CLANG_WARN_BLOCK_CAPTURE_AUTORELEASING = YES;
				CLANG_WARN_BOOL_CONVERSION = YES;
				CLANG_WARN_COMMA = YES;
				CLANG_WARN_CONSTANT_CONVERSION = YES;
				CLANG_WARN_DEPRECATED_OBJC_IMPLEMENTATIONS = YES;
				CLANG_WARN_DIRECT_OBJC_ISA_USAGE = YES_ERROR;
				CLANG_WARN_DOCUMENTATION_COMMENTS = YES;
				CLANG_WARN_EMPTY_BODY = YES;
				CLANG_WARN_ENUM_CONVERSION = YES;
				CLANG_WARN_INFINITE_RECURSION = YES;
				CLANG_WARN_INT_CONVERSION = YES;
				CLANG_WARN_NON_LITERAL_NULL_CONVERSION = YES;
				CLANG_WARN_OBJC_IMPLICIT_RETAIN_SELF = YES;
				CLANG_WARN_OBJC_LITERAL_CONVERSION = YES;
				CLANG_WARN_OBJC_ROOT_CLASS = YES_ERROR;
				CLANG_WARN_RANGE_LOOP_ANALYSIS = YES;
				CLANG_WARN_STRICT_PROTOTYPES = YES;
				CLANG_WARN_SUSPICIOUS_MOVE = YES;
				CLANG_WARN_UNGUARDED_AVAILABILITY = YES_AGGRESSIVE;
				CLANG_WARN_UNREACHABLE_CODE = YES;
				CLANG_WARN__DUPLICATE_METHOD_MATCH = YES;
				COPY_PHASE_STRIP = NO;
				DEBUG_INFORMATION_FORMAT = dwarf;
				ENABLE_STRICT_OBJC_MSGSEND = YES;
				ENABLE_TESTABILITY = YES;
				GCC_C_LANGUAGE_STANDARD = gnu11;
				GCC_DYNAMIC_NO_PIC = NO;
				GCC_NO_COMMON_BLOCKS = YES;
				GCC_OPTIMIZATION_LEVEL = 0;
				GCC_PREPROCESSOR_DEFINITIONS = (
					"DEBUG=1",
					"$(inherited)",
				);
				GCC_WARN_64_TO_32_BIT_CONVERSION = YES;
				GCC_WARN_ABOUT_RETURN_TYPE = YES_ERROR;
				GCC_WARN_UNDECLARED_SELECTOR = YES;
				GCC_WARN_UNINITIALIZED_AUTOS = YES_AGGRESSIVE;
				GCC_WARN_UNUSED_FUNCTION = YES;
				GCC_WARN_UNUSED_VARIABLE = YES;
				IPHONEOS_DEPLOYMENT_TARGET = 13.2;
				MTL_ENABLE_DEBUG_INFO = INCLUDE_SOURCE;
				MTL_FAST_MATH = YES;
				ONLY_ACTIVE_ARCH = YES;
				SDKROOT = iphoneos;
				SWIFT_ACTIVE_COMPILATION_CONDITIONS = DEBUG;
				SWIFT_OPTIMIZATION_LEVEL = "-Onone";
			};
			name = Debug;
		};
		81E6306D238E7770008435B3 /* Release */ = {
			isa = XCBuildConfiguration;
			buildSettings = {
				ALWAYS_SEARCH_USER_PATHS = NO;
				CLANG_ANALYZER_NONNULL = YES;
				CLANG_ANALYZER_NUMBER_OBJECT_CONVERSION = YES_AGGRESSIVE;
				CLANG_CXX_LANGUAGE_STANDARD = "gnu++14";
				CLANG_CXX_LIBRARY = "libc++";
				CLANG_ENABLE_MODULES = YES;
				CLANG_ENABLE_OBJC_ARC = YES;
				CLANG_ENABLE_OBJC_WEAK = YES;
				CLANG_WARN_BLOCK_CAPTURE_AUTORELEASING = YES;
				CLANG_WARN_BOOL_CONVERSION = YES;
				CLANG_WARN_COMMA = YES;
				CLANG_WARN_CONSTANT_CONVERSION = YES;
				CLANG_WARN_DEPRECATED_OBJC_IMPLEMENTATIONS = YES;
				CLANG_WARN_DIRECT_OBJC_ISA_USAGE = YES_ERROR;
				CLANG_WARN_DOCUMENTATION_COMMENTS = YES;
				CLANG_WARN_EMPTY_BODY = YES;
				CLANG_WARN_ENUM_CONVERSION = YES;
				CLANG_WARN_INFINITE_RECURSION = YES;
				CLANG_WARN_INT_CONVERSION = YES;
				CLANG_WARN_NON_LITERAL_NULL_CONVERSION = YES;
				CLANG_WARN_OBJC_IMPLICIT_RETAIN_SELF = YES;
				CLANG_WARN_OBJC_LITERAL_CONVERSION = YES;
				CLANG_WARN_OBJC_ROOT_CLASS = YES_ERROR;
				CLANG_WARN_RANGE_LOOP_ANALYSIS = YES;
				CLANG_WARN_STRICT_PROTOTYPES = YES;
				CLANG_WARN_SUSPICIOUS_MOVE = YES;
				CLANG_WARN_UNGUARDED_AVAILABILITY = YES_AGGRESSIVE;
				CLANG_WARN_UNREACHABLE_CODE = YES;
				CLANG_WARN__DUPLICATE_METHOD_MATCH = YES;
				COPY_PHASE_STRIP = NO;
				DEBUG_INFORMATION_FORMAT = "dwarf-with-dsym";
				ENABLE_NS_ASSERTIONS = NO;
				ENABLE_STRICT_OBJC_MSGSEND = YES;
				GCC_C_LANGUAGE_STANDARD = gnu11;
				GCC_NO_COMMON_BLOCKS = YES;
				GCC_WARN_64_TO_32_BIT_CONVERSION = YES;
				GCC_WARN_ABOUT_RETURN_TYPE = YES_ERROR;
				GCC_WARN_UNDECLARED_SELECTOR = YES;
				GCC_WARN_UNINITIALIZED_AUTOS = YES_AGGRESSIVE;
				GCC_WARN_UNUSED_FUNCTION = YES;
				GCC_WARN_UNUSED_VARIABLE = YES;
				IPHONEOS_DEPLOYMENT_TARGET = 13.2;
				MTL_ENABLE_DEBUG_INFO = NO;
				MTL_FAST_MATH = YES;
				SDKROOT = iphoneos;
				SWIFT_COMPILATION_MODE = wholemodule;
				SWIFT_OPTIMIZATION_LEVEL = "-O";
				VALIDATE_PRODUCT = YES;
			};
			name = Release;
		};
		81E6306F238E7770008435B3 /* Debug */ = {
			isa = XCBuildConfiguration;
			baseConfigurationReference = F5AB4E0A6551B055285AC9C3 /* Pods-AppStore JSON.debug.xcconfig */;
			buildSettings = {
				ASSETCATALOG_COMPILER_APPICON_NAME = AppIcon;
				CODE_SIGN_STYLE = Automatic;
				DEVELOPMENT_TEAM = S5W9FKJ4DL;
				INFOPLIST_FILE = "AppStore JSON/Info.plist";
				LD_RUNPATH_SEARCH_PATHS = (
					"$(inherited)",
					"@executable_path/Frameworks",
				);
				PRODUCT_BUNDLE_IDENTIFIER = "com.skner.renks.AppStore-JSON";
				PRODUCT_NAME = "$(TARGET_NAME)";
				SWIFT_VERSION = 5.0;
				TARGETED_DEVICE_FAMILY = 1;
			};
			name = Debug;
		};
		81E63070238E7770008435B3 /* Release */ = {
			isa = XCBuildConfiguration;
			baseConfigurationReference = 006E7D4F1968080595779872 /* Pods-AppStore JSON.release.xcconfig */;
			buildSettings = {
				ASSETCATALOG_COMPILER_APPICON_NAME = AppIcon;
				CODE_SIGN_STYLE = Automatic;
				DEVELOPMENT_TEAM = S5W9FKJ4DL;
				INFOPLIST_FILE = "AppStore JSON/Info.plist";
				LD_RUNPATH_SEARCH_PATHS = (
					"$(inherited)",
					"@executable_path/Frameworks",
				);
				PRODUCT_BUNDLE_IDENTIFIER = "com.skner.renks.AppStore-JSON";
				PRODUCT_NAME = "$(TARGET_NAME)";
				SWIFT_VERSION = 5.0;
				TARGETED_DEVICE_FAMILY = 1;
			};
			name = Release;
		};
/* End XCBuildConfiguration section */

/* Begin XCConfigurationList section */
		81E63055238E776A008435B3 /* Build configuration list for PBXProject "AppStore JSON" */ = {
			isa = XCConfigurationList;
			buildConfigurations = (
				81E6306C238E7770008435B3 /* Debug */,
				81E6306D238E7770008435B3 /* Release */,
			);
			defaultConfigurationIsVisible = 0;
			defaultConfigurationName = Release;
		};
		81E6306E238E7770008435B3 /* Build configuration list for PBXNativeTarget "AppStore JSON" */ = {
			isa = XCConfigurationList;
			buildConfigurations = (
				81E6306F238E7770008435B3 /* Debug */,
				81E63070238E7770008435B3 /* Release */,
			);
			defaultConfigurationIsVisible = 0;
			defaultConfigurationName = Release;
		};
/* End XCConfigurationList section */
	};
	rootObject = 81E63052238E776A008435B3 /* Project object */;
}
